
Microsoft Visual Studio Solution File, Format Version 12.00
# Visual Studio Version 17
VisualStudioVersion = 17.9.34728.123
MinimumVisualStudioVersion = 10.0.40219.1
Project("{FAE04EC0-301F-11D3-BF4B-00C04F79EFBC}") = "TCPServ", "TCPServ\TCPServ.csproj", "{33B0AA8E-FC2D-40E0-9B0E-2E38C3533FB8}"
EndProject
Project("{2150E333-8FDC-42A3-9474-1A3956D46DE8}") = "Solution Items", "Solution Items", "{DB4E6B17-D549-4C7C-8DC6-45051F492886}"
	ProjectSection(SolutionItems) = preProject
		.editorconfig = .editorconfig
	EndProjectSection
EndProject
Global
	GlobalSection(SolutionConfigurationPlatforms) = preSolution
		Debug|Any CPU = Debug|Any CPU
		Release|Any CPU = Release|Any CPU
	EndGlobalSection
	GlobalSection(ProjectConfigurationPlatforms) = postSolution
		{33B0AA8E-FC2D-40E0-9B0E-2E38C3533FB8}.Debug|Any CPU.ActiveCfg = Debug|Any CPU
		{33B0AA8E-FC2D-40E0-9B0E-2E38C3533FB8}.Debug|Any CPU.Build.0 = Debug|Any CPU
		{33B0AA8E-FC2D-40E0-9B0E-2E38C3533FB8}.Release|Any CPU.ActiveCfg = Release|Any CPU
		{33B0AA8E-FC2D-40E0-9B0E-2E38C3533FB8}.Release|Any CPU.Build.0 = Release|Any CPU
	EndGlobalSection
	GlobalSection(SolutionProperties) = preSolution
		HideSolutionNode = FALSE
	EndGlobalSection
	GlobalSection(ExtensibilityGlobals) = postSolution
		SolutionGuid = {AFF28F60-BA74-4B47-8483-E9435A8A453B}
	EndGlobalSection
EndGlobal
